
Microsoft Visual Studio Solution File, Format Version 12.00
# Visual Studio Version 17
VisualStudioVersion = 17.12.35707.178 d17.12
MinimumVisualStudioVersion = 10.0.40219.1
Project("{FAE04EC0-301F-11D3-BF4B-00C04F79EFBC}") = "KoshelekRu_TestTask", "KoshelekRu_TestTask\KoshelekRu_TestTask.csproj", "{8A343EAC-39DE-4655-B7CD-15C01BD2950D}"
EndProject
Project("{FAE04EC0-301F-11D3-BF4B-00C04F79EFBC}") = "KoshelekRu_TestTask.Domain", "KoshelekRu_TestTask.Domain\KoshelekRu_TestTask.Domain.csproj", "{F810E1F8-BFF9-492A-AE14-8860E455E5EA}"
EndProject
Project("{FAE04EC0-301F-11D3-BF4B-00C04F79EFBC}") = "KoshelekRu_TestTask.Repository", "KoshelekRu_TestTask.Repository\KoshelekRu_TestTask.Repository.csproj", "{97A8FD1D-600D-4DF9-8E98-A2C24754C2B7}"
EndProject
Global
	GlobalSection(SolutionConfigurationPlatforms) = preSolution
		Debug|Any CPU = Debug|Any CPU
		Release|Any CPU = Release|Any CPU
	EndGlobalSection
	GlobalSection(ProjectConfigurationPlatforms) = postSolution
		{8A343EAC-39DE-4655-B7CD-15C01BD2950D}.Debug|Any CPU.ActiveCfg = Debug|Any CPU
		{8A343EAC-39DE-4655-B7CD-15C01BD2950D}.Debug|Any CPU.Build.0 = Debug|Any CPU
		{8A343EAC-39DE-4655-B7CD-15C01BD2950D}.Release|Any CPU.ActiveCfg = Release|Any CPU
		{8A343EAC-39DE-4655-B7CD-15C01BD2950D}.Release|Any CPU.Build.0 = Release|Any CPU
		{F810E1F8-BFF9-492A-AE14-8860E455E5EA}.Debug|Any CPU.ActiveCfg = Debug|Any CPU
		{F810E1F8-BFF9-492A-AE14-8860E455E5EA}.Debug|Any CPU.Build.0 = Debug|Any CPU
		{F810E1F8-BFF9-492A-AE14-8860E455E5EA}.Release|Any CPU.ActiveCfg = Release|Any CPU
		{F810E1F8-BFF9-492A-AE14-8860E455E5EA}.Release|Any CPU.Build.0 = Release|Any CPU
		{97A8FD1D-600D-4DF9-8E98-A2C24754C2B7}.Debug|Any CPU.ActiveCfg = Debug|Any CPU
		{97A8FD1D-600D-4DF9-8E98-A2C24754C2B7}.Debug|Any CPU.Build.0 = Debug|Any CPU
		{97A8FD1D-600D-4DF9-8E98-A2C24754C2B7}.Release|Any CPU.ActiveCfg = Release|Any CPU
		{97A8FD1D-600D-4DF9-8E98-A2C24754C2B7}.Release|Any CPU.Build.0 = Release|Any CPU
	EndGlobalSection
	GlobalSection(SolutionProperties) = preSolution
		HideSolutionNode = FALSE
	EndGlobalSection
EndGlobal
